// !$*UTF8*$!
{
	archiveVersion = 1;
	classes = {
	};
	objectVersion = 55;
	objects = {

/* Begin PBXBuildFile section */
		D43802F32754B5CB004C8656 /* sound.mp3 in Resources */ = {isa = PBXBuildFile; fileRef = D43802F22754B5CA004C8656 /* sound.mp3 */; };
		D43802F52754B8E6004C8656 /* AudioPlayer.swift in Sources */ = {isa = PBXBuildFile; fileRef = D43802F42754B8E6004C8656 /* AudioPlayer.swift */; };
		D43802F72754BA31004C8656 /* victory.mp3 in Resources */ = {isa = PBXBuildFile; fileRef = D43802F62754BA31004C8656 /* victory.mp3 */; };
		D43802F92754CC90004C8656 /* click.mp3 in Resources */ = {isa = PBXBuildFile; fileRef = D43802F82754CC90004C8656 /* click.mp3 */; };
		D43802FB2754CDC3004C8656 /* boom2.mp3 in Resources */ = {isa = PBXBuildFile; fileRef = D43802FA2754CDC3004C8656 /* boom2.mp3 */; };
		D43802FD2754CFF0004C8656 /* boom.mp3 in Resources */ = {isa = PBXBuildFile; fileRef = D43802FC2754CFF0004C8656 /* boom.mp3 */; };
		D43802FF2754D448004C8656 /* fail.mp3 in Resources */ = {isa = PBXBuildFile; fileRef = D43802FE2754D448004C8656 /* fail.mp3 */; };
		D43803012754DA90004C8656 /* sound_game.mp3 in Resources */ = {isa = PBXBuildFile; fileRef = D43803002754DA90004C8656 /* sound_game.mp3 */; };
		D43803032754DB46004C8656 /* trash.mp3 in Resources */ = {isa = PBXBuildFile; fileRef = D43803022754DB46004C8656 /* trash.mp3 */; };
		D43803072754E1EB004C8656 /* InfoPlist.strings in Resources */ = {isa = PBXBuildFile; fileRef = D43803052754E1EB004C8656 /* InfoPlist.strings */; };
		D438030A2754E1EB004C8656 /* Localizable.strings in Resources */ = {isa = PBXBuildFile; fileRef = D43803082754E1EB004C8656 /* Localizable.strings */; };
		D44490E0271FE996003CD995 /* README.md in Resources */ = {isa = PBXBuildFile; fileRef = D44490DF271FE996003CD995 /* README.md */; };
		D44490E4271FEBDF003CD995 /* ScreenShot1.png in Resources */ = {isa = PBXBuildFile; fileRef = D44490E2271FEBDF003CD995 /* ScreenShot1.png */; };
		D44490E5271FEBDF003CD995 /* ScreenShot2.png in Resources */ = {isa = PBXBuildFile; fileRef = D44490E3271FEBDF003CD995 /* ScreenShot2.png */; };
		D45F312E27180CBA00C2F4E9 /* StartViewController.swift in Sources */ = {isa = PBXBuildFile; fileRef = D45F312D27180CBA00C2F4E9 /* StartViewController.swift */; };
		D45F31452719AE4700C2F4E9 /* CreatorLabyrinth.swift in Sources */ = {isa = PBXBuildFile; fileRef = D45F31442719AE4700C2F4E9 /* CreatorLabyrinth.swift */; };
		D45F314D271D570100C2F4E9 /* Point.swift in Sources */ = {isa = PBXBuildFile; fileRef = D45F314C271D570100C2F4E9 /* Point.swift */; };
		D45F314F271D9FC900C2F4E9 /* Constans.swift in Sources */ = {isa = PBXBuildFile; fileRef = D45F314E271D9FC900C2F4E9 /* Constans.swift */; };
		D45F3153271DA4B900C2F4E9 /* ImageCell.swift in Sources */ = {isa = PBXBuildFile; fileRef = D45F3152271DA4B900C2F4E9 /* ImageCell.swift */; };
		D45F3155271DA8FA00C2F4E9 /* ImageCell.xib in Resources */ = {isa = PBXBuildFile; fileRef = D45F3154271DA8FA00C2F4E9 /* ImageCell.xib */; };
		D46C059D274BE6DC0074A651 /* Lottie in Frameworks */ = {isa = PBXBuildFile; productRef = D46C059C274BE6DC0074A651 /* Lottie */; };
		D46C059F274BE8680074A651 /* 15479-dragon.json in Resources */ = {isa = PBXBuildFile; fileRef = D46C059E274BE8680074A651 /* 15479-dragon.json */; };
		D46C05A9274F76DC0074A651 /* PokiDetailViewController.swift in Sources */ = {isa = PBXBuildFile; fileRef = D46C05A8274F76DC0074A651 /* PokiDetailViewController.swift */; };
		D46C05AB274F7C120074A651 /* PokemonView.swift in Sources */ = {isa = PBXBuildFile; fileRef = D46C05AA274F7C120074A651 /* PokemonView.swift */; };
		D46C05AD274F84C70074A651 /* PokemonDetailsViewModel.swift in Sources */ = {isa = PBXBuildFile; fileRef = D46C05AC274F84C70074A651 /* PokemonDetailsViewModel.swift */; };
		D46C05AF274F85900074A651 /* Pokemon.swift in Sources */ = {isa = PBXBuildFile; fileRef = D46C05AE274F85900074A651 /* Pokemon.swift */; };
		D46C05B2274F87750074A651 /* FetchError.swift in Sources */ = {isa = PBXBuildFile; fileRef = D46C05B1274F87750074A651 /* FetchError.swift */; };
		D46C05B4274F87BC0074A651 /* NetworkServices.swift in Sources */ = {isa = PBXBuildFile; fileRef = D46C05B3274F87BC0074A651 /* NetworkServices.swift */; };
		D46C05B6274F88010074A651 /* NetworkMonitor.swift in Sources */ = {isa = PBXBuildFile; fileRef = D46C05B5274F88010074A651 /* NetworkMonitor.swift */; };
		D46C05B9274F88590074A651 /* Data + Extensions.swift in Sources */ = {isa = PBXBuildFile; fileRef = D46C05B8274F88590074A651 /* Data + Extensions.swift */; };
		D46C05BB274F88990074A651 /* StyleForImage.swift in Sources */ = {isa = PBXBuildFile; fileRef = D46C05BA274F88990074A651 /* StyleForImage.swift */; };
		D46C05BD274F88F10074A651 /* PokemonListViewModel.swift in Sources */ = {isa = PBXBuildFile; fileRef = D46C05BC274F88F10074A651 /* PokemonListViewModel.swift */; };
		D46C05C1274F89E00074A651 /* ParameterView.swift in Sources */ = {isa = PBXBuildFile; fileRef = D46C05C0274F89E00074A651 /* ParameterView.swift */; };
		D46C05C3274F8A0F0074A651 /* ParameterGroupView.swift in Sources */ = {isa = PBXBuildFile; fileRef = D46C05C2274F8A0F0074A651 /* ParameterGroupView.swift */; };
		D46C05C7274F8AC50074A651 /* PokemonImageView.swift in Sources */ = {isa = PBXBuildFile; fileRef = D46C05C6274F8AC50074A651 /* PokemonImageView.swift */; };
		D46C05C9274F8BA80074A651 /* PokemonDetailsView.swift in Sources */ = {isa = PBXBuildFile; fileRef = D46C05C8274F8BA80074A651 /* PokemonDetailsView.swift */; };
		D46C05CC2750ABC80074A651 /* SDWebImageSwiftUI in Frameworks */ = {isa = PBXBuildFile; productRef = D46C05CB2750ABC80074A651 /* SDWebImageSwiftUI */; };
		D4C823032717E381002B9223 /* AppDelegate.swift in Sources */ = {isa = PBXBuildFile; fileRef = D4C823022717E381002B9223 /* AppDelegate.swift */; };
		D4C823052717E381002B9223 /* SceneDelegate.swift in Sources */ = {isa = PBXBuildFile; fileRef = D4C823042717E381002B9223 /* SceneDelegate.swift */; };
		D4C823072717E381002B9223 /* ViewController.swift in Sources */ = {isa = PBXBuildFile; fileRef = D4C823062717E381002B9223 /* ViewController.swift */; };
		D4C8230A2717E381002B9223 /* Main.storyboard in Resources */ = {isa = PBXBuildFile; fileRef = D4C823082717E381002B9223 /* Main.storyboard */; };
		D4C8230C2717E384002B9223 /* Assets.xcassets in Resources */ = {isa = PBXBuildFile; fileRef = D4C8230B2717E384002B9223 /* Assets.xcassets */; };
		D4C8230F2717E384002B9223 /* LaunchScreen.storyboard in Resources */ = {isa = PBXBuildFile; fileRef = D4C8230D2717E384002B9223 /* LaunchScreen.storyboard */; };
		D4C8231B2717EF1F002B9223 /* Room.swift in Sources */ = {isa = PBXBuildFile; fileRef = D4C8231A2717EF1F002B9223 /* Room.swift */; };
		D4C8231D2717EFD0002B9223 /* Things.swift in Sources */ = {isa = PBXBuildFile; fileRef = D4C8231C2717EFD0002B9223 /* Things.swift */; };
		D4C8231F2717F08B002B9223 /* Player.swift in Sources */ = {isa = PBXBuildFile; fileRef = D4C8231E2717F08B002B9223 /* Player.swift */; };
/* End PBXBuildFile section */

/* Begin PBXFileReference section */
		D43802F22754B5CA004C8656 /* sound.mp3 */ = {isa = PBXFileReference; lastKnownFileType = audio.mp3; path = sound.mp3; sourceTree = "<group>"; };
		D43802F42754B8E6004C8656 /* AudioPlayer.swift */ = {isa = PBXFileReference; lastKnownFileType = sourcecode.swift; path = AudioPlayer.swift; sourceTree = "<group>"; };
		D43802F62754BA31004C8656 /* victory.mp3 */ = {isa = PBXFileReference; lastKnownFileType = audio.mp3; path = victory.mp3; sourceTree = "<group>"; };
		D43802F82754CC90004C8656 /* click.mp3 */ = {isa = PBXFileReference; lastKnownFileType = audio.mp3; path = click.mp3; sourceTree = "<group>"; };
		D43802FA2754CDC3004C8656 /* boom2.mp3 */ = {isa = PBXFileReference; lastKnownFileType = audio.mp3; path = boom2.mp3; sourceTree = "<group>"; };
		D43802FC2754CFF0004C8656 /* boom.mp3 */ = {isa = PBXFileReference; lastKnownFileType = audio.mp3; path = boom.mp3; sourceTree = "<group>"; };
		D43802FE2754D448004C8656 /* fail.mp3 */ = {isa = PBXFileReference; lastKnownFileType = audio.mp3; path = fail.mp3; sourceTree = "<group>"; };
		D43803002754DA90004C8656 /* sound_game.mp3 */ = {isa = PBXFileReference; lastKnownFileType = audio.mp3; path = sound_game.mp3; sourceTree = "<group>"; };
		D43803022754DB46004C8656 /* trash.mp3 */ = {isa = PBXFileReference; lastKnownFileType = audio.mp3; path = trash.mp3; sourceTree = "<group>"; };
		D43803042754DFB6004C8656 /* ru */ = {isa = PBXFileReference; lastKnownFileType = text.plist.strings; name = ru; path = ru.lproj/Main.strings; sourceTree = "<group>"; };
		D43803062754E1EB004C8656 /* ru */ = {isa = PBXFileReference; lastKnownFileType = text.plist.strings; name = ru; path = ru.lproj/InfoPlist.strings; sourceTree = "<group>"; };
		D43803092754E1EB004C8656 /* ru */ = {isa = PBXFileReference; lastKnownFileType = text.plist.strings; name = ru; path = ru.lproj/Localizable.strings; sourceTree = "<group>"; };
		D44490DF271FE996003CD995 /* README.md */ = {isa = PBXFileReference; lastKnownFileType = net.daringfireball.markdown; path = README.md; sourceTree = "<group>"; };
		D44490E2271FEBDF003CD995 /* ScreenShot1.png */ = {isa = PBXFileReference; lastKnownFileType = image.png; path = ScreenShot1.png; sourceTree = "<group>"; };
		D44490E3271FEBDF003CD995 /* ScreenShot2.png */ = {isa = PBXFileReference; lastKnownFileType = image.png; path = ScreenShot2.png; sourceTree = "<group>"; };
		D45F312D27180CBA00C2F4E9 /* StartViewController.swift */ = {isa = PBXFileReference; lastKnownFileType = sourcecode.swift; path = StartViewController.swift; sourceTree = "<group>"; };
		D45F31442719AE4700C2F4E9 /* CreatorLabyrinth.swift */ = {isa = PBXFileReference; lastKnownFileType = sourcecode.swift; path = CreatorLabyrinth.swift; sourceTree = "<group>"; };
		D45F314C271D570100C2F4E9 /* Point.swift */ = {isa = PBXFileReference; lastKnownFileType = sourcecode.swift; path = Point.swift; sourceTree = "<group>"; };
		D45F314E271D9FC900C2F4E9 /* Constans.swift */ = {isa = PBXFileReference; lastKnownFileType = sourcecode.swift; path = Constans.swift; sourceTree = "<group>"; };
		D45F3152271DA4B900C2F4E9 /* ImageCell.swift */ = {isa = PBXFileReference; lastKnownFileType = sourcecode.swift; path = ImageCell.swift; sourceTree = "<group>"; };
		D45F3154271DA8FA00C2F4E9 /* ImageCell.xib */ = {isa = PBXFileReference; fileEncoding = 4; lastKnownFileType = file.xib; path = ImageCell.xib; sourceTree = "<group>"; };
		D46C059E274BE8680074A651 /* 15479-dragon.json */ = {isa = PBXFileReference; fileEncoding = 4; lastKnownFileType = text.json; path = "15479-dragon.json"; sourceTree = "<group>"; };
		D46C05A8274F76DC0074A651 /* PokiDetailViewController.swift */ = {isa = PBXFileReference; lastKnownFileType = sourcecode.swift; path = PokiDetailViewController.swift; sourceTree = "<group>"; };
		D46C05AA274F7C120074A651 /* PokemonView.swift */ = {isa = PBXFileReference; lastKnownFileType = sourcecode.swift; path = PokemonView.swift; sourceTree = "<group>"; };
		D46C05AC274F84C70074A651 /* PokemonDetailsViewModel.swift */ = {isa = PBXFileReference; lastKnownFileType = sourcecode.swift; path = PokemonDetailsViewModel.swift; sourceTree = "<group>"; };
		D46C05AE274F85900074A651 /* Pokemon.swift */ = {isa = PBXFileReference; lastKnownFileType = sourcecode.swift; path = Pokemon.swift; sourceTree = "<group>"; };
		D46C05B1274F87750074A651 /* FetchError.swift */ = {isa = PBXFileReference; lastKnownFileType = sourcecode.swift; path = FetchError.swift; sourceTree = "<group>"; };
		D46C05B3274F87BC0074A651 /* NetworkServices.swift */ = {isa = PBXFileReference; lastKnownFileType = sourcecode.swift; path = NetworkServices.swift; sourceTree = "<group>"; };
		D46C05B5274F88010074A651 /* NetworkMonitor.swift */ = {isa = PBXFileReference; lastKnownFileType = sourcecode.swift; path = NetworkMonitor.swift; sourceTree = "<group>"; };
		D46C05B8274F88590074A651 /* Data + Extensions.swift */ = {isa = PBXFileReference; lastKnownFileType = sourcecode.swift; path = "Data + Extensions.swift"; sourceTree = "<group>"; };
		D46C05BA274F88990074A651 /* StyleForImage.swift */ = {isa = PBXFileReference; lastKnownFileType = sourcecode.swift; path = StyleForImage.swift; sourceTree = "<group>"; };
		D46C05BC274F88F10074A651 /* PokemonListViewModel.swift */ = {isa = PBXFileReference; lastKnownFileType = sourcecode.swift; path = PokemonListViewModel.swift; sourceTree = "<group>"; };
		D46C05C0274F89E00074A651 /* ParameterView.swift */ = {isa = PBXFileReference; lastKnownFileType = sourcecode.swift; path = ParameterView.swift; sourceTree = "<group>"; };
		D46C05C2274F8A0F0074A651 /* ParameterGroupView.swift */ = {isa = PBXFileReference; lastKnownFileType = sourcecode.swift; path = ParameterGroupView.swift; sourceTree = "<group>"; };
		D46C05C6274F8AC50074A651 /* PokemonImageView.swift */ = {isa = PBXFileReference; lastKnownFileType = sourcecode.swift; path = PokemonImageView.swift; sourceTree = "<group>"; };
		D46C05C8274F8BA80074A651 /* PokemonDetailsView.swift */ = {isa = PBXFileReference; lastKnownFileType = sourcecode.swift; path = PokemonDetailsView.swift; sourceTree = "<group>"; };
		D4C822FF2717E381002B9223 /* Kristall&Dragon.app */ = {isa = PBXFileReference; explicitFileType = wrapper.application; includeInIndex = 0; path = "Kristall&Dragon.app"; sourceTree = BUILT_PRODUCTS_DIR; };
		D4C823022717E381002B9223 /* AppDelegate.swift */ = {isa = PBXFileReference; lastKnownFileType = sourcecode.swift; path = AppDelegate.swift; sourceTree = "<group>"; };
		D4C823042717E381002B9223 /* SceneDelegate.swift */ = {isa = PBXFileReference; lastKnownFileType = sourcecode.swift; path = SceneDelegate.swift; sourceTree = "<group>"; };
		D4C823062717E381002B9223 /* ViewController.swift */ = {isa = PBXFileReference; lastKnownFileType = sourcecode.swift; path = ViewController.swift; sourceTree = "<group>"; };
		D4C823092717E381002B9223 /* Base */ = {isa = PBXFileReference; lastKnownFileType = file.storyboard; name = Base; path = Base.lproj/Main.storyboard; sourceTree = "<group>"; };
		D4C8230B2717E384002B9223 /* Assets.xcassets */ = {isa = PBXFileReference; lastKnownFileType = folder.assetcatalog; path = Assets.xcassets; sourceTree = "<group>"; };
		D4C8230E2717E384002B9223 /* Base */ = {isa = PBXFileReference; lastKnownFileType = file.storyboard; name = Base; path = Base.lproj/LaunchScreen.storyboard; sourceTree = "<group>"; };
		D4C823102717E384002B9223 /* Info.plist */ = {isa = PBXFileReference; lastKnownFileType = text.plist.xml; path = Info.plist; sourceTree = "<group>"; };
		D4C8231A2717EF1F002B9223 /* Room.swift */ = {isa = PBXFileReference; lastKnownFileType = sourcecode.swift; path = Room.swift; sourceTree = "<group>"; };
		D4C8231C2717EFD0002B9223 /* Things.swift */ = {isa = PBXFileReference; lastKnownFileType = sourcecode.swift; path = Things.swift; sourceTree = "<group>"; };
		D4C8231E2717F08B002B9223 /* Player.swift */ = {isa = PBXFileReference; lastKnownFileType = sourcecode.swift; path = Player.swift; sourceTree = "<group>"; };
/* End PBXFileReference section */

/* Begin PBXFrameworksBuildPhase section */
		D4C822FC2717E381002B9223 /* Frameworks */ = {
			isa = PBXFrameworksBuildPhase;
			buildActionMask = 2147483647;
			files = (
				D46C05CC2750ABC80074A651 /* SDWebImageSwiftUI in Frameworks */,
				D46C059D274BE6DC0074A651 /* Lottie in Frameworks */,
			);
			runOnlyForDeploymentPostprocessing = 0;
		};
/* End PBXFrameworksBuildPhase section */

/* Begin PBXGroup section */
		D43802F12754B584004C8656 /* Sound */ = {
			isa = PBXGroup;
			children = (
				D43803002754DA90004C8656 /* sound_game.mp3 */,
				D43803022754DB46004C8656 /* trash.mp3 */,
				D43802F22754B5CA004C8656 /* sound.mp3 */,
				D43802FC2754CFF0004C8656 /* boom.mp3 */,
				D43802F82754CC90004C8656 /* click.mp3 */,
				D43802FE2754D448004C8656 /* fail.mp3 */,
				D43802F62754BA31004C8656 /* victory.mp3 */,
				D43802FA2754CDC3004C8656 /* boom2.mp3 */,
			);
			path = Sound;
			sourceTree = "<group>";
		};
		D44490E1271FEAC2003CD995 /* Screenshots */ = {
			isa = PBXGroup;
			children = (
				D44490E2271FEBDF003CD995 /* ScreenShot1.png */,
				D44490E3271FEBDF003CD995 /* ScreenShot2.png */,
			);
			path = Screenshots;
			sourceTree = "<group>";
		};
		D45F31342719488F00C2F4E9 /* Things */ = {
			isa = PBXGroup;
			children = (
				D4C8231C2717EFD0002B9223 /* Things.swift */,
			);
			path = Things;
			sourceTree = "<group>";
		};
		D45F313727194E5E00C2F4E9 /* Controller */ = {
			isa = PBXGroup;
			children = (
				D45F31442719AE4700C2F4E9 /* CreatorLabyrinth.swift */,
			);
			path = Controller;
			sourceTree = "<group>";
		};
		D45F3156271E9DCE00C2F4E9 /* Cell */ = {
			isa = PBXGroup;
			children = (
				D45F3152271DA4B900C2F4E9 /* ImageCell.swift */,
			);
			path = Cell;
			sourceTree = "<group>";
		};
		D45F3157271E9DDD00C2F4E9 /* Cell */ = {
			isa = PBXGroup;
			children = (
				D45F3154271DA8FA00C2F4E9 /* ImageCell.xib */,
			);
			path = Cell;
			sourceTree = "<group>";
		};
		D46C05B0274F875E0074A651 /* Services */ = {
			isa = PBXGroup;
			children = (
				D46C05B1274F87750074A651 /* FetchError.swift */,
				D46C05B3274F87BC0074A651 /* NetworkServices.swift */,
				D46C05B5274F88010074A651 /* NetworkMonitor.swift */,
			);
			path = Services;
			sourceTree = "<group>";
		};
		D46C05B7274F88340074A651 /* SupportingFiles */ = {
			isa = PBXGroup;
			children = (
				D46C05B8274F88590074A651 /* Data + Extensions.swift */,
				D46C05BA274F88990074A651 /* StyleForImage.swift */,
				D43802F42754B8E6004C8656 /* AudioPlayer.swift */,
			);
			path = SupportingFiles;
			sourceTree = "<group>";
		};
		D46C05BE274F89170074A651 /* ViewModel */ = {
			isa = PBXGroup;
			children = (
				D46C05BC274F88F10074A651 /* PokemonListViewModel.swift */,
				D46C05AC274F84C70074A651 /* PokemonDetailsViewModel.swift */,
			);
			path = ViewModel;
			sourceTree = "<group>";
		};
		D46C05BF274F89B20074A651 /* View */ = {
			isa = PBXGroup;
			children = (
				D46C05AA274F7C120074A651 /* PokemonView.swift */,
				D46C05C0274F89E00074A651 /* ParameterView.swift */,
				D46C05C2274F8A0F0074A651 /* ParameterGroupView.swift */,
				D46C05C6274F8AC50074A651 /* PokemonImageView.swift */,
				D46C05C8274F8BA80074A651 /* PokemonDetailsView.swift */,
			);
			path = View;
			sourceTree = "<group>";
		};
		D4C822F62717E381002B9223 = {
			isa = PBXGroup;
			children = (
				D44490E1271FEAC2003CD995 /* Screenshots */,
				D44490DF271FE996003CD995 /* README.md */,
				D4C823012717E381002B9223 /* Kristall&Dragon */,
				D4C823002717E381002B9223 /* Products */,
			);
			sourceTree = "<group>";
		};
		D4C823002717E381002B9223 /* Products */ = {
			isa = PBXGroup;
			children = (
				D4C822FF2717E381002B9223 /* Kristall&Dragon.app */,
			);
			name = Products;
			sourceTree = "<group>";
		};
		D4C823012717E381002B9223 /* Kristall&Dragon */ = {
			isa = PBXGroup;
			children = (
				D4C823192717E41F002B9223 /* App */,
				D4D6FB2F274BBBFF0009C019 /* Animations */,
				D43802F12754B584004C8656 /* Sound */,
				D46C05B7274F88340074A651 /* SupportingFiles */,
				D46C05B0274F875E0074A651 /* Services */,
				D4C823182717E3F4002B9223 /* Storyboards */,
				D46C05BF274F89B20074A651 /* View */,
				D4C823172717E3E0002B9223 /* ViewControllers */,
				D45F313727194E5E00C2F4E9 /* Controller */,
				D46C05BE274F89170074A651 /* ViewModel */,
				D4C823162717E3C5002B9223 /* Model */,
				D4C8230B2717E384002B9223 /* Assets.xcassets */,
				D4C823102717E384002B9223 /* Info.plist */,
				D43803082754E1EB004C8656 /* Localizable.strings */,
				D43803052754E1EB004C8656 /* InfoPlist.strings */,
			);
			path = "Kristall&Dragon";
			sourceTree = "<group>";
		};
		D4C823162717E3C5002B9223 /* Model */ = {
			isa = PBXGroup;
			children = (
				D45F314E271D9FC900C2F4E9 /* Constans.swift */,
				D45F31342719488F00C2F4E9 /* Things */,
				D4C8231A2717EF1F002B9223 /* Room.swift */,
				D4C8231E2717F08B002B9223 /* Player.swift */,
				D45F314C271D570100C2F4E9 /* Point.swift */,
				D46C05AE274F85900074A651 /* Pokemon.swift */,
			);
			path = Model;
			sourceTree = "<group>";
		};
		D4C823172717E3E0002B9223 /* ViewControllers */ = {
			isa = PBXGroup;
			children = (
				D45F3156271E9DCE00C2F4E9 /* Cell */,
				D4C823062717E381002B9223 /* ViewController.swift */,
				D45F312D27180CBA00C2F4E9 /* StartViewController.swift */,
				D46C05A8274F76DC0074A651 /* PokiDetailViewController.swift */,
			);
			path = ViewControllers;
			sourceTree = "<group>";
		};
		D4C823182717E3F4002B9223 /* Storyboards */ = {
			isa = PBXGroup;
			children = (
				D45F3157271E9DDD00C2F4E9 /* Cell */,
				D4C823082717E381002B9223 /* Main.storyboard */,
				D4C8230D2717E384002B9223 /* LaunchScreen.storyboard */,
			);
			path = Storyboards;
			sourceTree = "<group>";
		};
		D4C823192717E41F002B9223 /* App */ = {
			isa = PBXGroup;
			children = (
				D4C823022717E381002B9223 /* AppDelegate.swift */,
				D4C823042717E381002B9223 /* SceneDelegate.swift */,
			);
			path = App;
			sourceTree = "<group>";
		};
		D4D6FB2F274BBBFF0009C019 /* Animations */ = {
			isa = PBXGroup;
			children = (
				D46C059E274BE8680074A651 /* 15479-dragon.json */,
			);
			path = Animations;
			sourceTree = "<group>";
		};
/* End PBXGroup section */

/* Begin PBXNativeTarget section */
		D4C822FE2717E381002B9223 /* Kristall&Dragon */ = {
			isa = PBXNativeTarget;
			buildConfigurationList = D4C823132717E384002B9223 /* Build configuration list for PBXNativeTarget "Kristall&Dragon" */;
			buildPhases = (
				D4C822FB2717E381002B9223 /* Sources */,
				D4C822FC2717E381002B9223 /* Frameworks */,
				D4C822FD2717E381002B9223 /* Resources */,
			);
			buildRules = (
			);
			dependencies = (
			);
			name = "Kristall&Dragon";
			packageProductDependencies = (
				D46C059C274BE6DC0074A651 /* Lottie */,
				D46C05CB2750ABC80074A651 /* SDWebImageSwiftUI */,
			);
			productName = "Kristall&Dragon";
			productReference = D4C822FF2717E381002B9223 /* Kristall&Dragon.app */;
			productType = "com.apple.product-type.application";
		};
/* End PBXNativeTarget section */

/* Begin PBXProject section */
		D4C822F72717E381002B9223 /* Project object */ = {
			isa = PBXProject;
			attributes = {
				BuildIndependentTargetsInParallel = 1;
				LastSwiftUpdateCheck = 1300;
				LastUpgradeCheck = 1300;
				TargetAttributes = {
					D4C822FE2717E381002B9223 = {
						CreatedOnToolsVersion = 13.0;
					};
				};
			};
			buildConfigurationList = D4C822FA2717E381002B9223 /* Build configuration list for PBXProject "Kristall&Dragon" */;
			compatibilityVersion = "Xcode 13.0";
			developmentRegion = en;
			hasScannedForEncodings = 0;
			knownRegions = (
				en,
				Base,
				ru,
			);
			mainGroup = D4C822F62717E381002B9223;
			packageReferences = (
				D46C059B274BE6DC0074A651 /* XCRemoteSwiftPackageReference "lottie-ios" */,
				D46C05CA2750ABC80074A651 /* XCRemoteSwiftPackageReference "SDWebImageSwiftUI" */,
			);
			productRefGroup = D4C823002717E381002B9223 /* Products */;
			projectDirPath = "";
			projectRoot = "";
			targets = (
				D4C822FE2717E381002B9223 /* Kristall&Dragon */,
			);
		};
/* End PBXProject section */

/* Begin PBXResourcesBuildPhase section */
		D4C822FD2717E381002B9223 /* Resources */ = {
			isa = PBXResourcesBuildPhase;
			buildActionMask = 2147483647;
			files = (
				D4C8230F2717E384002B9223 /* LaunchScreen.storyboard in Resources */,
				D45F3155271DA8FA00C2F4E9 /* ImageCell.xib in Resources */,
				D44490E0271FE996003CD995 /* README.md in Resources */,
				D43802F72754BA31004C8656 /* victory.mp3 in Resources */,
				D46C059F274BE8680074A651 /* 15479-dragon.json in Resources */,
				D43803072754E1EB004C8656 /* InfoPlist.strings in Resources */,
				D4C8230C2717E384002B9223 /* Assets.xcassets in Resources */,
				D4C8230A2717E381002B9223 /* Main.storyboard in Resources */,
				D43802F92754CC90004C8656 /* click.mp3 in Resources */,
				D44490E5271FEBDF003CD995 /* ScreenShot2.png in Resources */,
				D43802FB2754CDC3004C8656 /* boom2.mp3 in Resources */,
				D43803012754DA90004C8656 /* sound_game.mp3 in Resources */,
				D43802F32754B5CB004C8656 /* sound.mp3 in Resources */,
				D438030A2754E1EB004C8656 /* Localizable.strings in Resources */,
				D43802FD2754CFF0004C8656 /* boom.mp3 in Resources */,
				D43802FF2754D448004C8656 /* fail.mp3 in Resources */,
				D43803032754DB46004C8656 /* trash.mp3 in Resources */,
				D44490E4271FEBDF003CD995 /* ScreenShot1.png in Resources */,
			);
			runOnlyForDeploymentPostprocessing = 0;
		};
/* End PBXResourcesBuildPhase section */

/* Begin PBXSourcesBuildPhase section */
		D4C822FB2717E381002B9223 /* Sources */ = {
			isa = PBXSourcesBuildPhase;
			buildActionMask = 2147483647;
			files = (
				D4C8231D2717EFD0002B9223 /* Things.swift in Sources */,
				D45F312E27180CBA00C2F4E9 /* StartViewController.swift in Sources */,
				D46C05A9274F76DC0074A651 /* PokiDetailViewController.swift in Sources */,
				D4C823072717E381002B9223 /* ViewController.swift in Sources */,
				D46C05C7274F8AC50074A651 /* PokemonImageView.swift in Sources */,
				D46C05BD274F88F10074A651 /* PokemonListViewModel.swift in Sources */,
				D46C05AB274F7C120074A651 /* PokemonView.swift in Sources */,
				D46C05BB274F88990074A651 /* StyleForImage.swift in Sources */,
				D46C05AF274F85900074A651 /* Pokemon.swift in Sources */,
				D45F314D271D570100C2F4E9 /* Point.swift in Sources */,
				D46C05B9274F88590074A651 /* Data + Extensions.swift in Sources */,
				D43802F52754B8E6004C8656 /* AudioPlayer.swift in Sources */,
				D46C05B6274F88010074A651 /* NetworkMonitor.swift in Sources */,
				D45F3153271DA4B900C2F4E9 /* ImageCell.swift in Sources */,
				D4C823032717E381002B9223 /* AppDelegate.swift in Sources */,
				D46C05AD274F84C70074A651 /* PokemonDetailsViewModel.swift in Sources */,
				D46C05C1274F89E00074A651 /* ParameterView.swift in Sources */,
				D46C05C9274F8BA80074A651 /* PokemonDetailsView.swift in Sources */,
				D46C05C3274F8A0F0074A651 /* ParameterGroupView.swift in Sources */,
				D45F314F271D9FC900C2F4E9 /* Constans.swift in Sources */,
				D46C05B4274F87BC0074A651 /* NetworkServices.swift in Sources */,
				D4C8231B2717EF1F002B9223 /* Room.swift in Sources */,
				D4C8231F2717F08B002B9223 /* Player.swift in Sources */,
				D4C823052717E381002B9223 /* SceneDelegate.swift in Sources */,
				D45F31452719AE4700C2F4E9 /* CreatorLabyrinth.swift in Sources */,
				D46C05B2274F87750074A651 /* FetchError.swift in Sources */,
			);
			runOnlyForDeploymentPostprocessing = 0;
		};
/* End PBXSourcesBuildPhase section */

/* Begin PBXVariantGroup section */
		D43803052754E1EB004C8656 /* InfoPlist.strings */ = {
			isa = PBXVariantGroup;
			children = (
				D43803062754E1EB004C8656 /* ru */,
			);
			name = InfoPlist.strings;
			sourceTree = "<group>";
		};
		D43803082754E1EB004C8656 /* Localizable.strings */ = {
			isa = PBXVariantGroup;
			children = (
				D43803092754E1EB004C8656 /* ru */,
			);
			name = Localizable.strings;
			sourceTree = "<group>";
		};
		D4C823082717E381002B9223 /* Main.storyboard */ = {
			isa = PBXVariantGroup;
			children = (
				D4C823092717E381002B9223 /* Base */,
				D43803042754DFB6004C8656 /* ru */,
			);
			name = Main.storyboard;
			sourceTree = "<group>";
		};
		D4C8230D2717E384002B9223 /* LaunchScreen.storyboard */ = {
			isa = PBXVariantGroup;
			children = (
				D4C8230E2717E384002B9223 /* Base */,
			);
			name = LaunchScreen.storyboard;
			sourceTree = "<group>";
		};
/* End PBXVariantGroup section */

/* Begin XCBuildConfiguration section */
		D4C823112717E384002B9223 /* Debug */ = {
			isa = XCBuildConfiguration;
			buildSettings = {
				ALWAYS_SEARCH_USER_PATHS = NO;
				CLANG_ANALYZER_LOCALIZABILITY_NONLOCALIZED = YES;
				CLANG_ANALYZER_NONNULL = YES;
				CLANG_ANALYZER_NUMBER_OBJECT_CONVERSION = YES_AGGRESSIVE;
				CLANG_CXX_LANGUAGE_STANDARD = "gnu++17";
				CLANG_CXX_LIBRARY = "libc++";
				CLANG_ENABLE_MODULES = YES;
				CLANG_ENABLE_OBJC_ARC = YES;
				CLANG_ENABLE_OBJC_WEAK = YES;
				CLANG_WARN_BLOCK_CAPTURE_AUTORELEASING = YES;
				CLANG_WARN_BOOL_CONVERSION = YES;
				CLANG_WARN_COMMA = YES;
				CLANG_WARN_CONSTANT_CONVERSION = YES;
				CLANG_WARN_DEPRECATED_OBJC_IMPLEMENTATIONS = YES;
				CLANG_WARN_DIRECT_OBJC_ISA_USAGE = YES_ERROR;
				CLANG_WARN_DOCUMENTATION_COMMENTS = YES;
				CLANG_WARN_EMPTY_BODY = YES;
				CLANG_WARN_ENUM_CONVERSION = YES;
				CLANG_WARN_INFINITE_RECURSION = YES;
				CLANG_WARN_INT_CONVERSION = YES;
				CLANG_WARN_NON_LITERAL_NULL_CONVERSION = YES;
				CLANG_WARN_OBJC_IMPLICIT_RETAIN_SELF = YES;
				CLANG_WARN_OBJC_LITERAL_CONVERSION = YES;
				CLANG_WARN_OBJC_ROOT_CLASS = YES_ERROR;
				CLANG_WARN_QUOTED_INCLUDE_IN_FRAMEWORK_HEADER = YES;
				CLANG_WARN_RANGE_LOOP_ANALYSIS = YES;
				CLANG_WARN_STRICT_PROTOTYPES = YES;
				CLANG_WARN_SUSPICIOUS_MOVE = YES;
				CLANG_WARN_UNGUARDED_AVAILABILITY = YES_AGGRESSIVE;
				CLANG_WARN_UNREACHABLE_CODE = YES;
				CLANG_WARN__DUPLICATE_METHOD_MATCH = YES;
				COPY_PHASE_STRIP = NO;
				DEBUG_INFORMATION_FORMAT = dwarf;
				ENABLE_STRICT_OBJC_MSGSEND = YES;
				ENABLE_TESTABILITY = YES;
				GCC_C_LANGUAGE_STANDARD = gnu11;
				GCC_DYNAMIC_NO_PIC = NO;
				GCC_NO_COMMON_BLOCKS = YES;
				GCC_OPTIMIZATION_LEVEL = 0;
				GCC_PREPROCESSOR_DEFINITIONS = (
					"DEBUG=1",
					"$(inherited)",
				);
				GCC_WARN_64_TO_32_BIT_CONVERSION = YES;
				GCC_WARN_ABOUT_RETURN_TYPE = YES_ERROR;
				GCC_WARN_UNDECLARED_SELECTOR = YES;
				GCC_WARN_UNINITIALIZED_AUTOS = YES_AGGRESSIVE;
				GCC_WARN_UNUSED_FUNCTION = YES;
				GCC_WARN_UNUSED_VARIABLE = YES;
				IPHONEOS_DEPLOYMENT_TARGET = 15.0;
				MTL_ENABLE_DEBUG_INFO = INCLUDE_SOURCE;
				MTL_FAST_MATH = YES;
				ONLY_ACTIVE_ARCH = YES;
				SDKROOT = iphoneos;
				SWIFT_ACTIVE_COMPILATION_CONDITIONS = DEBUG;
				SWIFT_OPTIMIZATION_LEVEL = "-Onone";
			};
			name = Debug;
		};
		D4C823122717E384002B9223 /* Release */ = {
			isa = XCBuildConfiguration;
			buildSettings = {
				ALWAYS_SEARCH_USER_PATHS = NO;
				CLANG_ANALYZER_LOCALIZABILITY_NONLOCALIZED = YES;
				CLANG_ANALYZER_NONNULL = YES;
				CLANG_ANALYZER_NUMBER_OBJECT_CONVERSION = YES_AGGRESSIVE;
				CLANG_CXX_LANGUAGE_STANDARD = "gnu++17";
				CLANG_CXX_LIBRARY = "libc++";
				CLANG_ENABLE_MODULES = YES;
				CLANG_ENABLE_OBJC_ARC = YES;
				CLANG_ENABLE_OBJC_WEAK = YES;
				CLANG_WARN_BLOCK_CAPTURE_AUTORELEASING = YES;
				CLANG_WARN_BOOL_CONVERSION = YES;
				CLANG_WARN_COMMA = YES;
				CLANG_WARN_CONSTANT_CONVERSION = YES;
				CLANG_WARN_DEPRECATED_OBJC_IMPLEMENTATIONS = YES;
				CLANG_WARN_DIRECT_OBJC_ISA_USAGE = YES_ERROR;
				CLANG_WARN_DOCUMENTATION_COMMENTS = YES;
				CLANG_WARN_EMPTY_BODY = YES;
				CLANG_WARN_ENUM_CONVERSION = YES;
				CLANG_WARN_INFINITE_RECURSION = YES;
				CLANG_WARN_INT_CONVERSION = YES;
				CLANG_WARN_NON_LITERAL_NULL_CONVERSION = YES;
				CLANG_WARN_OBJC_IMPLICIT_RETAIN_SELF = YES;
				CLANG_WARN_OBJC_LITERAL_CONVERSION = YES;
				CLANG_WARN_OBJC_ROOT_CLASS = YES_ERROR;
				CLANG_WARN_QUOTED_INCLUDE_IN_FRAMEWORK_HEADER = YES;
				CLANG_WARN_RANGE_LOOP_ANALYSIS = YES;
				CLANG_WARN_STRICT_PROTOTYPES = YES;
				CLANG_WARN_SUSPICIOUS_MOVE = YES;
				CLANG_WARN_UNGUARDED_AVAILABILITY = YES_AGGRESSIVE;
				CLANG_WARN_UNREACHABLE_CODE = YES;
				CLANG_WARN__DUPLICATE_METHOD_MATCH = YES;
				COPY_PHASE_STRIP = NO;
				DEBUG_INFORMATION_FORMAT = "dwarf-with-dsym";
				ENABLE_NS_ASSERTIONS = NO;
				ENABLE_STRICT_OBJC_MSGSEND = YES;
				GCC_C_LANGUAGE_STANDARD = gnu11;
				GCC_NO_COMMON_BLOCKS = YES;
				GCC_WARN_64_TO_32_BIT_CONVERSION = YES;
				GCC_WARN_ABOUT_RETURN_TYPE = YES_ERROR;
				GCC_WARN_UNDECLARED_SELECTOR = YES;
				GCC_WARN_UNINITIALIZED_AUTOS = YES_AGGRESSIVE;
				GCC_WARN_UNUSED_FUNCTION = YES;
				GCC_WARN_UNUSED_VARIABLE = YES;
				IPHONEOS_DEPLOYMENT_TARGET = 15.0;
				MTL_ENABLE_DEBUG_INFO = NO;
				MTL_FAST_MATH = YES;
				SDKROOT = iphoneos;
				SWIFT_COMPILATION_MODE = wholemodule;
				SWIFT_OPTIMIZATION_LEVEL = "-O";
				VALIDATE_PRODUCT = YES;
			};
			name = Release;
		};
		D4C823142717E384002B9223 /* Debug */ = {
			isa = XCBuildConfiguration;
			buildSettings = {
				ASSETCATALOG_COMPILER_APPICON_NAME = AppIcon;
				ASSETCATALOG_COMPILER_GLOBAL_ACCENT_COLOR_NAME = AccentColor;
				CODE_SIGN_STYLE = Automatic;
				CURRENT_PROJECT_VERSION = 1;
				DEVELOPMENT_TEAM = KK52K32PD5;
				GENERATE_INFOPLIST_FILE = YES;
				INFOPLIST_FILE = "Kristall&Dragon/Info.plist";
				INFOPLIST_KEY_CFBundleDisplayName = Labyrinth;
				INFOPLIST_KEY_UIApplicationSupportsIndirectInputEvents = YES;
				INFOPLIST_KEY_UILaunchStoryboardName = LaunchScreen;
				INFOPLIST_KEY_UIMainStoryboardFile = Main;
				INFOPLIST_KEY_UISupportedInterfaceOrientations = UIInterfaceOrientationPortrait;
				INFOPLIST_KEY_UISupportedInterfaceOrientations_iPad = "UIInterfaceOrientationPortrait UIInterfaceOrientationPortraitUpsideDown UIInterfaceOrientationLandscapeLeft UIInterfaceOrientationLandscapeRight";
				INFOPLIST_KEY_UISupportedInterfaceOrientations_iPhone = UIInterfaceOrientationPortrait;
				IPHONEOS_DEPLOYMENT_TARGET = 15.0;
				LD_RUNPATH_SEARCH_PATHS = (
					"$(inherited)",
					"@executable_path/Frameworks",
				);
				MARKETING_VERSION = 1.0;
				PRODUCT_BUNDLE_IDENTIFIER = "Kirill-Zaborsky.Kristall-Dragon";
				PRODUCT_NAME = "$(TARGET_NAME)";
				SWIFT_EMIT_LOC_STRINGS = YES;
				SWIFT_VERSION = 5.0;
				TARGETED_DEVICE_FAMILY = "1,2";
			};
			name = Debug;
		};
		D4C823152717E384002B9223 /* Release */ = {
			isa = XCBuildConfiguration;
			buildSettings = {
				ASSETCATALOG_COMPILER_APPICON_NAME = AppIcon;
				ASSETCATALOG_COMPILER_GLOBAL_ACCENT_COLOR_NAME = AccentColor;
				CODE_SIGN_STYLE = Automatic;
				CURRENT_PROJECT_VERSION = 1;
				DEVELOPMENT_TEAM = KK52K32PD5;
				GENERATE_INFOPLIST_FILE = YES;
				INFOPLIST_FILE = "Kristall&Dragon/Info.plist";
				INFOPLIST_KEY_CFBundleDisplayName = Labyrinth;
				INFOPLIST_KEY_UIApplicationSupportsIndirectInputEvents = YES;
				INFOPLIST_KEY_UILaunchStoryboardName = LaunchScreen;
				INFOPLIST_KEY_UIMainStoryboardFile = Main;
				INFOPLIST_KEY_UISupportedInterfaceOrientations = UIInterfaceOrientationPortrait;
				INFOPLIST_KEY_UISupportedInterfaceOrientations_iPad = "UIInterfaceOrientationPortrait UIInterfaceOrientationPortraitUpsideDown UIInterfaceOrientationLandscapeLeft UIInterfaceOrientationLandscapeRight";
				INFOPLIST_KEY_UISupportedInterfaceOrientations_iPhone = UIInterfaceOrientationPortrait;
				IPHONEOS_DEPLOYMENT_TARGET = 15.0;
				LD_RUNPATH_SEARCH_PATHS = (
					"$(inherited)",
					"@executable_path/Frameworks",
				);
				MARKETING_VERSION = 1.0;
				PRODUCT_BUNDLE_IDENTIFIER = "Kirill-Zaborsky.Kristall-Dragon";
				PRODUCT_NAME = "$(TARGET_NAME)";
				SWIFT_EMIT_LOC_STRINGS = YES;
				SWIFT_VERSION = 5.0;
				TARGETED_DEVICE_FAMILY = "1,2";
			};
			name = Release;
		};
/* End XCBuildConfiguration section */

/* Begin XCConfigurationList section */
		D4C822FA2717E381002B9223 /* Build configuration list for PBXProject "Kristall&Dragon" */ = {
			isa = XCConfigurationList;
			buildConfigurations = (
				D4C823112717E384002B9223 /* Debug */,
				D4C823122717E384002B9223 /* Release */,
			);
			defaultConfigurationIsVisible = 0;
			defaultConfigurationName = Release;
		};
		D4C823132717E384002B9223 /* Build configuration list for PBXNativeTarget "Kristall&Dragon" */ = {
			isa = XCConfigurationList;
			buildConfigurations = (
				D4C823142717E384002B9223 /* Debug */,
				D4C823152717E384002B9223 /* Release */,
			);
			defaultConfigurationIsVisible = 0;
			defaultConfigurationName = Release;
		};
/* End XCConfigurationList section */

/* Begin XCRemoteSwiftPackageReference section */
		D46C059B274BE6DC0074A651 /* XCRemoteSwiftPackageReference "lottie-ios" */ = {
			isa = XCRemoteSwiftPackageReference;
			repositoryURL = "https://github.com/airbnb/lottie-ios";
			requirement = {
				branch = master;
				kind = branch;
			};
		};
		D46C05CA2750ABC80074A651 /* XCRemoteSwiftPackageReference "SDWebImageSwiftUI" */ = {
			isa = XCRemoteSwiftPackageReference;
			repositoryURL = "https://github.com/SDWebImage/SDWebImageSwiftUI.git";
			requirement = {
				kind = upToNextMajorVersion;
				minimumVersion = 2.0.0;
			};
		};
/* End XCRemoteSwiftPackageReference section */

/* Begin XCSwiftPackageProductDependency section */
		D46C059C274BE6DC0074A651 /* Lottie */ = {
			isa = XCSwiftPackageProductDependency;
			package = D46C059B274BE6DC0074A651 /* XCRemoteSwiftPackageReference "lottie-ios" */;
			productName = Lottie;
		};
		D46C05CB2750ABC80074A651 /* SDWebImageSwiftUI */ = {
			isa = XCSwiftPackageProductDependency;
			package = D46C05CA2750ABC80074A651 /* XCRemoteSwiftPackageReference "SDWebImageSwiftUI" */;
			productName = SDWebImageSwiftUI;
		};
/* End XCSwiftPackageProductDependency section */
	};
	rootObject = D4C822F72717E381002B9223 /* Project object */;
}
